{
  "R": {
    "Version": "4.0.5",
    "Repositories": [
      {
        "Name": "CRAN",
        "URL": "https://cran.rstudio.com"
      }
    ]
  },
  "Bioconductor": {
    "Version": "3.11"
  },
  "Packages": {
    "AUCell": {
      "Package": "AUCell",
      "Version": "1.10.0",
      "Source": "Bioconductor",
      "Hash": "26a9647621805cbbbc6f15a0d3fce248"
    },
    "AnnotationDbi": {
      "Package": "AnnotationDbi",
      "Version": "1.50.3",
      "Source": "Bioconductor",
      "Hash": "d19b3dfd917dff8a56151842e82fc098"
    },
    "BH": {
      "Package": "BH",
      "Version": "1.75.0-0",
      "Source": "Repository",
      "Repository": "CRAN",
      "Hash": "e4c04affc2cac20c8fec18385cd14691"
    },
    "Biobase": {
      "Package": "Biobase",
      "Version": "2.48.0",
      "Source": "Bioconductor",
      "Hash": "da9b1bc36fb35ebbec219dc007657f21"
    },
    "BiocGenerics": {
      "Package": "BiocGenerics",
      "Version": "0.34.0",
      "Source": "Bioconductor",
      "Hash": "ae191b5608f175de0f69b6302390c705"
    },
    "BiocManager": {
      "Package": "BiocManager",
      "Version": "1.30.12",
      "Source": "Repository",
      "Repository": "CRAN",
      "Hash": "462dbb15753eb52fb62e28507f382d2d"
    },
    "BiocVersion": {
      "Package": "BiocVersion",
      "Version": "3.11.1",
      "Source": "Bioconductor",
      "Hash": "2331d61d077a7a0a5afe8c907ea9106b"
    },
    "Biostrings": {
      "Package": "Biostrings",
      "Version": "2.56.0",
      "Source": "Bioconductor",
      "Hash": "f5d135c565a244740559409e48c410cd"
    },
    "DBI": {
      "Package": "DBI",
      "Version": "1.1.0",
      "Source": "Repository",
      "Repository": "CRAN",
      "Hash": "4744be45519d675af66c28478720fce5"
    },
    "DelayedArray": {
      "Package": "DelayedArray",
      "Version": "0.14.1",
      "Source": "Bioconductor",
      "Hash": "8430a6ec606d0d92198ff107f1d98261"
    },
    "EnhancedVolcano": {
      "Package": "EnhancedVolcano",
      "Version": "1.6.0",
      "Source": "Bioconductor",
      "Hash": "7034b98752fa82a9187da8484c64f580"
    },
    "FNN": {
      "Package": "FNN",
      "Version": "1.1.3",
      "Source": "Repository",
      "Repository": "CRAN",
      "Hash": "b56998fff55e4a4b4860ad6e8c67e0f9"
    },
    "GEOquery": {
      "Package": "GEOquery",
      "Version": "2.56.0",
      "Source": "Bioconductor",
      "Hash": "710325578289c959f057211c12311270"
    },
    "GSEABase": {
      "Package": "GSEABase",
      "Version": "1.50.1",
      "Source": "Bioconductor",
      "Hash": "11285b2d8412cf3aa986124c80e132d6"
    },
    "GenomeInfoDb": {
      "Package": "GenomeInfoDb",
      "Version": "1.24.2",
      "Source": "Bioconductor",
      "Hash": "f1556568ab93fd7704380539fca71e6a"
    },
    "GenomeInfoDbData": {
      "Package": "GenomeInfoDbData",
      "Version": "1.2.3",
      "Source": "Bioconductor",
      "Hash": "8fe62eac6e27b8e56d51f9ae6030cbcd"
    },
    "GenomicRanges": {
      "Package": "GenomicRanges",
      "Version": "1.40.0",
      "Source": "Bioconductor",
      "Hash": "05cd2ba8e1e373e9089454cf762df723"
    },
    "IRanges": {
      "Package": "IRanges",
      "Version": "2.22.2",
      "Source": "Bioconductor",
      "Hash": "1403fa5c98c5f48b989a6bc5a65c6c25"
    },
    "KernSmooth": {
      "Package": "KernSmooth",
      "Version": "2.23-18",
      "Source": "Repository",
      "Repository": "CRAN",
      "Hash": "9e703ad8bf0e99f3691f05da32dfe68b"
    },
    "MASS": {
      "Package": "MASS",
      "Version": "7.3-53",
      "Source": "Repository",
      "Repository": "CRAN",
      "Hash": "d1bc1c8e9c0ace57ec9ffea01021d45f"
    },
    "Matrix": {
      "Package": "Matrix",
      "Version": "1.3-3",
      "Source": "Repository",
      "Repository": "CRAN",
      "Hash": "df57c82e79600601287edfdcef92c2d6"
    },
    "ProjecTILs": {
      "Package": "ProjecTILs",
      "Version": "0.9.9",
      "Source": "GitHub",
      "RemoteType": "github",
      "RemoteHost": "api.github.com",
      "RemoteRepo": "ProjecTILs",
      "RemoteUsername": "carmonalab",
      "RemoteRef": "dev",
      "RemoteSha": "2fae98a1782b50ee7c2c4c09ca8ea920dac3548c",
      "Hash": "81dfc044b701d37069542217cf71fccd"
    },
    "R.methodsS3": {
      "Package": "R.methodsS3",
      "Version": "1.8.1",
      "Source": "Repository",
      "Repository": "CRAN",
      "Hash": "4bf6453323755202d5909697b6f7c109"
    },
    "R.oo": {
      "Package": "R.oo",
      "Version": "1.24.0",
      "Source": "Repository",
      "Repository": "CRAN",
      "Hash": "5709328352717e2f0a9c012be8a97554"
    },
    "R.utils": {
      "Package": "R.utils",
      "Version": "2.10.1",
      "Source": "Repository",
      "Repository": "CRAN",
      "Hash": "a9e316277ff12a43997266f2f6567780"
    },
    "R6": {
      "Package": "R6",
      "Version": "2.5.0",
      "Source": "Repository",
      "Repository": "CRAN",
      "Hash": "b203113193e70978a696b2809525649d"
    },
    "RANN": {
      "Package": "RANN",
      "Version": "2.6.1",
      "Source": "Repository",
      "Repository": "CRAN",
      "Hash": "d128ea05a972d3e67c6f39de52c72bd7"
    },
    "RColorBrewer": {
      "Package": "RColorBrewer",
      "Version": "1.1-2",
      "Source": "Repository",
      "Repository": "CRAN",
      "Hash": "e031418365a7f7a766181ab5a41a5716"
    },
    "RCurl": {
      "Package": "RCurl",
      "Version": "1.98-1.2",
      "Source": "Repository",
      "Repository": "CRAN",
      "Hash": "cf29e1b71f8736960e0e851123a83e6f"
    },
    "ROCR": {
      "Package": "ROCR",
      "Version": "1.0-11",
      "Source": "Repository",
      "Repository": "CRAN",
      "Hash": "cc151930e20e16427bc3d0daec62b4a9"
    },
    "RSQLite": {
      "Package": "RSQLite",
      "Version": "2.2.1",
      "Source": "Repository",
      "Repository": "CRAN",
      "Hash": "66fe0e309e72a1d0f9cceed5c01fab94"
    },
    "RSpectra": {
      "Package": "RSpectra",
      "Version": "0.16-0",
      "Source": "Repository",
      "Repository": "CRAN",
      "Hash": "a41329d24d5a98eaed2bd0159adb1b5f"
    },
    "Rcpp": {
      "Package": "Rcpp",
      "Version": "1.0.6",
      "Source": "Repository",
      "Repository": "CRAN",
      "Hash": "dbb5e436998a7eba5a9d682060533338"
    },
    "RcppAnnoy": {
      "Package": "RcppAnnoy",
      "Version": "0.0.18",
      "Source": "Repository",
      "Repository": "CRAN",
      "Hash": "4c61a26f751659e875f46045df6d5fad"
    },
    "RcppArmadillo": {
      "Package": "RcppArmadillo",
      "Version": "0.10.4.0.0",
      "Source": "Repository",
      "Repository": "CRAN",
      "Hash": "a8df2d4278c6501b2c209f4acc6a3036"
    },
    "RcppEigen": {
      "Package": "RcppEigen",
      "Version": "0.3.3.9.1",
      "Source": "Repository",
      "Repository": "CRAN",
      "Hash": "ddfa72a87fdf4c80466a20818be91d00"
    },
    "RcppProgress": {
      "Package": "RcppProgress",
      "Version": "0.4.2",
      "Source": "Repository",
      "Repository": "CRAN",
      "Hash": "1c0aa18b97e6aaa17f93b8b866c0ace5"
    },
    "Rtsne": {
      "Package": "Rtsne",
      "Version": "0.15",
      "Source": "Repository",
      "Repository": "CRAN",
      "Hash": "f153432c4ca15b937ccfaa40f167c892"
    },
    "S4Vectors": {
      "Package": "S4Vectors",
      "Version": "0.26.1",
      "Source": "Bioconductor",
      "Hash": "c252d04c13a3a6667d3cc140360780f1"
    },
    "STACAS": {
      "Package": "STACAS",
      "Version": "1.0.1",
      "Source": "GitHub",
      "RemoteType": "github",
      "RemoteHost": "api.github.com",
      "RemoteRepo": "STACAS",
      "RemoteUsername": "carmonalab",
      "RemoteRef": "HEAD",
      "RemoteSha": "8c2021aa552bdc1e4444cb2cdeb24b0b9584ff7d",
      "Hash": "7b3425c046ff526d28eb95a04a5f3ed2"
    },
    "Seurat": {
      "Package": "Seurat",
      "Version": "4.0.1",
      "Source": "Repository",
      "Repository": "CRAN",
      "Hash": "9daeb378fb2819f01425b155b90f083d"
    },
    "SeuratObject": {
      "Package": "SeuratObject",
      "Version": "4.0.1",
      "Source": "Repository",
      "Repository": "CRAN",
      "Hash": "eee9a35b3db8db440156e1b6acb71c52"
    },
    "SingleCellExperiment": {
      "Package": "SingleCellExperiment",
      "Version": "1.10.1",
      "Source": "Bioconductor",
      "Hash": "488390c9ce95e29cd20ea79fa43ebf52"
    },
    "SparseM": {
      "Package": "SparseM",
      "Version": "1.78",
      "Source": "Repository",
      "Repository": "CRAN",
      "Hash": "fbe4ac267bf42a91e495cc68ad3f8b63"
    },
    "SummarizedExperiment": {
      "Package": "SummarizedExperiment",
      "Version": "1.18.2",
      "Source": "Bioconductor",
      "Hash": "811eb16b3d542aa098d4c89f0985f3bc"
    },
    "TILPRED": {
      "Package": "TILPRED",
      "Version": "1.0.2",
      "Source": "GitHub",
      "RemoteType": "github",
      "RemoteHost": "api.github.com",
      "RemoteRepo": "TILPRED",
      "RemoteUsername": "carmonalab",
      "RemoteRef": "HEAD",
      "RemoteSha": "51041dea3ca04115a6ae58906e5999a50e2cbf9a",
      "Hash": "c435d23c50cbce0c12d8eaf88880f8d7"
    },
    "VGAM": {
      "Package": "VGAM",
      "Version": "1.1-4",
      "Source": "Repository",
      "Repository": "CRAN",
      "Hash": "4c70741ed0b48c5c63bc9d92df8aff9f"
    },
    "XML": {
      "Package": "XML",
      "Version": "3.99-0.5",
      "Source": "Repository",
      "Repository": "CRAN",
      "Hash": "408d42d1359f2a84d377c1f7f0568624"
    },
    "XVector": {
      "Package": "XVector",
      "Version": "0.28.0",
      "Source": "Bioconductor",
      "Hash": "a5669a9d44010120a5c10be7977f0626"
    },
    "abind": {
      "Package": "abind",
      "Version": "1.4-5",
      "Source": "Repository",
      "Repository": "CRAN",
      "Hash": "4f57884290cc75ab22f4af9e9d4ca862"
    },
    "annotate": {
      "Package": "annotate",
      "Version": "1.66.0",
      "Source": "Bioconductor",
      "Hash": "61677ca20165e7790955cdd1fc27281e"
    },
    "askpass": {
      "Package": "askpass",
      "Version": "1.1",
      "Source": "Repository",
      "Repository": "CRAN",
      "Hash": "e8a22846fff485f0be3770c2da758713"
    },
    "base64enc": {
      "Package": "base64enc",
      "Version": "0.1-3",
      "Source": "Repository",
      "Repository": "CRAN",
      "Hash": "543776ae6848fde2f48ff3816d0628bc"
    },
    "bit": {
      "Package": "bit",
      "Version": "4.0.4",
      "Source": "Repository",
      "Repository": "CRAN",
      "Hash": "f36715f14d94678eea9933af927bc15d"
    },
    "bit64": {
      "Package": "bit64",
      "Version": "4.0.5",
      "Source": "Repository",
      "Repository": "CRAN",
      "Hash": "9fe98599ca456d6552421db0d6772d8f"
    },
    "bitops": {
      "Package": "bitops",
      "Version": "1.0-7",
      "Source": "Repository",
      "Repository": "CRAN",
      "Hash": "b7d8d8ee39869c18d8846a184dd8a1af"
    },
    "blob": {
      "Package": "blob",
      "Version": "1.2.1",
      "Source": "Repository",
      "Repository": "CRAN",
      "Hash": "9addc7e2c5954eca5719928131fed98c"
    },
    "bookdown": {
      "Package": "bookdown",
      "Version": "0.21",
      "Source": "Repository",
      "Repository": "CRAN",
      "Hash": "1bf627f1f77313e345f71e779b658578"
    },
    "bslib": {
      "Package": "bslib",
      "Version": "0.2.4",
      "Source": "Repository",
      "Repository": "CRAN",
      "Hash": "4830a372b241d78ed6f53731ee3023ac"
    },
    "caTools": {
      "Package": "caTools",
      "Version": "1.18.2",
      "Source": "Repository",
      "Repository": "CRAN",
      "Hash": "34d90fa5845004236b9eacafc51d07b2"
    },
    "cachem": {
      "Package": "cachem",
      "Version": "1.0.5",
      "Source": "Repository",
      "Repository": "CRAN",
      "Hash": "5346f76a33eb7417812c270b04a5581b"
    },
    "cli": {
      "Package": "cli",
      "Version": "2.5.0",
      "Source": "Repository",
      "Repository": "CRAN",
      "Hash": "a94ba44cee3ea571e813721e64184172"
    },
    "clipr": {
      "Package": "clipr",
      "Version": "0.7.1",
      "Source": "Repository",
      "Repository": "CRAN",
      "Hash": "ebaa97ac99cc2daf04e77eecc7b781d7"
    },
    "cluster": {
      "Package": "cluster",
      "Version": "2.1.1",
      "Source": "Repository",
      "Repository": "CRAN",
      "Hash": "5ea8f54741ff907e2c0b5efabc9de729"
    },
    "codetools": {
      "Package": "codetools",
      "Version": "0.2-18",
      "Source": "Repository",
      "Repository": "CRAN",
      "Hash": "019388fc48e48b3da0d3a76ff94608a8"
    },
    "colorRamps": {
      "Package": "colorRamps",
      "Version": "2.3",
      "Source": "Repository",
      "Repository": "CRAN",
      "Hash": "c370deb506aefb49528f085124fbb825"
    },
    "colorspace": {
      "Package": "colorspace",
      "Version": "2.0-1",
      "Source": "Repository",
      "Repository": "CRAN",
      "Hash": "6cab523af06ac301e7a40c5529d45882"
    },
    "commonmark": {
      "Package": "commonmark",
      "Version": "1.7",
      "Source": "Repository",
      "Repository": "CRAN",
      "Hash": "0f22be39ec1d141fd03683c06f3a6e67"
    },
    "cowplot": {
      "Package": "cowplot",
      "Version": "1.1.1",
      "Source": "Repository",
      "Repository": "CRAN",
      "Hash": "b418e8423699d11c7f2087c2bfd07da2"
    },
    "cpp11": {
      "Package": "cpp11",
      "Version": "0.2.7",
      "Source": "Repository",
      "Repository": "CRAN",
      "Hash": "730eebcc741a5c36761f7d4d0f5e37b8"
    },
    "crayon": {
      "Package": "crayon",
      "Version": "1.4.1",
      "Source": "Repository",
      "Repository": "CRAN",
      "Hash": "e75525c55c70e5f4f78c9960a4b402e9"
    },
    "crosstalk": {
      "Package": "crosstalk",
      "Version": "1.1.1",
      "Source": "Repository",
      "Repository": "CRAN",
      "Hash": "2b06f9e415a62b6762e4b8098d2aecbc"
    },
    "cubature": {
      "Package": "cubature",
      "Version": "2.0.4.1",
      "Source": "Repository",
      "Repository": "CRAN",
      "Hash": "4d3b90273ce34dcac59c60144649ddfd"
    },
    "curl": {
      "Package": "curl",
      "Version": "4.3.1",
      "Source": "Repository",
      "Repository": "CRAN",
      "Hash": "c5e68405893f030f139f6d6675eac675"
    },
    "data.table": {
      "Package": "data.table",
      "Version": "1.14.0",
      "Source": "Repository",
      "Repository": "CRAN",
      "Hash": "d1b8b1a821ee564a3515fa6c6d5c52dc"
    },
    "deldir": {
      "Package": "deldir",
      "Version": "0.2-10",
      "Source": "Repository",
      "Repository": "CRAN",
      "Hash": "6ba6a411bdd4c1b297bd54e2c5c98385"
    },
    "digest": {
      "Package": "digest",
      "Version": "0.6.27",
      "Source": "Repository",
      "Repository": "CRAN",
      "Hash": "a0cbe758a531d054b537d16dff4d58a1"
    },
    "doParallel": {
      "Package": "doParallel",
      "Version": "1.0.16",
      "Source": "Repository",
      "Repository": "CRAN",
      "Hash": "2dc413572eb42475179bfe0afabd2adf"
    },
    "doRNG": {
      "Package": "doRNG",
      "Version": "1.8.2",
      "Source": "Repository",
      "Repository": "CRAN",
      "Hash": "a32487a942bdf5fd34224ad46f786e67"
    },
    "dplyr": {
      "Package": "dplyr",
      "Version": "1.0.6",
      "Source": "Repository",
      "Repository": "CRAN",
      "Hash": "19e84500b64bc7e589cb1e2550e25832"
    },
    "dqrng": {
      "Package": "dqrng",
      "Version": "0.3.0",
      "Source": "Repository",
      "Repository": "CRAN",
      "Hash": "3ce2af5ead3b01c518fd453c7fe5a51a"
    },
    "ellipsis": {
      "Package": "ellipsis",
      "Version": "0.3.2",
      "Source": "Repository",
      "Repository": "CRAN",
      "Hash": "bb0eec2fe32e88d9e2836c2f73ea2077"
    },
    "evaluate": {
      "Package": "evaluate",
      "Version": "0.14",
      "Source": "Repository",
      "Repository": "CRAN",
      "Hash": "ec8ca05cffcc70569eaaad8469d2a3a7"
    },
    "evd": {
      "Package": "evd",
      "Version": "2.3-3",
      "Source": "Repository",
      "Repository": "CRAN",
      "Hash": "10240cccda42c650992804d7d1195846"
    },
    "evmix": {
      "Package": "evmix",
      "Version": "2.12",
      "Source": "Repository",
      "Repository": "CRAN",
      "Hash": "a92843a325821fd2154581f8c05b5a30"
    },
    "fansi": {
      "Package": "fansi",
      "Version": "0.4.2",
      "Source": "Repository",
      "Repository": "CRAN",
      "Hash": "fea074fb67fe4c25d47ad09087da847d"
    },
    "farver": {
      "Package": "farver",
      "Version": "2.1.0",
      "Source": "Repository",
      "Repository": "CRAN",
      "Hash": "c98eb5133d9cb9e1622b8691487f11bb"
    },
    "fastmap": {
      "Package": "fastmap",
      "Version": "1.1.0",
      "Source": "Repository",
      "Repository": "CRAN",
      "Hash": "77bd60a6157420d4ffa93b27cf6a58b8"
    },
    "fitdistrplus": {
      "Package": "fitdistrplus",
      "Version": "1.1-3",
      "Source": "Repository",
      "Repository": "CRAN",
      "Hash": "8e9ca89621f9304a553e0ff119328053"
    },
    "foreach": {
      "Package": "foreach",
      "Version": "1.5.1",
      "Source": "Repository",
      "Repository": "CRAN",
      "Hash": "e32cfc0973caba11b65b1fa691b4d8c9"
    },
    "formatR": {
      "Package": "formatR",
      "Version": "1.7",
      "Source": "Repository",
      "Repository": "CRAN",
      "Hash": "ad36e26eeeb7393886d8a0e19bc6ee42"
    },
    "fs": {
      "Package": "fs",
      "Version": "1.5.0",
      "Source": "Repository",
      "Repository": "CRAN",
      "Hash": "44594a07a42e5f91fac9f93fda6d0109"
    },
    "future": {
      "Package": "future",
      "Version": "1.21.0",
      "Source": "Repository",
      "Repository": "CRAN",
      "Hash": "f25fad6bee82b7ab01f055e2d813b96f"
    },
    "future.apply": {
      "Package": "future.apply",
      "Version": "1.7.0",
      "Source": "Repository",
      "Repository": "CRAN",
      "Hash": "7fb0dc1961807da107ab2078366052bd"
    },
    "generics": {
      "Package": "generics",
      "Version": "0.1.0",
      "Source": "Repository",
      "Repository": "CRAN",
      "Hash": "4d243a9c10b00589889fe32314ffd902"
    },
    "ggalluvial": {
      "Package": "ggalluvial",
      "Version": "0.12.3",
      "Source": "Repository",
      "Repository": "CRAN",
      "Hash": "8e8537ec2a70017be8e5e20b1bbf4e98"
    },
    "ggdendro": {
      "Package": "ggdendro",
      "Version": "0.1.22",
      "Source": "Repository",
      "Repository": "CRAN",
      "Hash": "bd0785a22c1d8eb187df2d06fab4d906"
    },
    "ggfittext": {
      "Package": "ggfittext",
      "Version": "0.9.0",
      "Source": "Repository",
      "Repository": "CRAN",
      "Hash": "1c658d36302cf96a331c0059587fae70"
    },
    "ggplot2": {
      "Package": "ggplot2",
      "Version": "3.3.3",
      "Source": "Repository",
      "Repository": "CRAN",
      "Hash": "3eb6477d01eb5bbdc03f7d5f70f2733e"
    },
    "ggrepel": {
      "Package": "ggrepel",
      "Version": "0.9.1",
      "Source": "Repository",
      "Repository": "CRAN",
      "Hash": "08ab869f37e6a7741a64ab9069bcb67d"
    },
    "ggridges": {
      "Package": "ggridges",
      "Version": "0.5.3",
      "Source": "Repository",
      "Repository": "CRAN",
      "Hash": "9d028e8f37c84dba356ce3c367a1978e"
    },
    "globals": {
      "Package": "globals",
      "Version": "0.14.0",
      "Source": "Repository",
      "Repository": "CRAN",
      "Hash": "eca8023ed5ca6372479ebb9b3207f5ae"
    },
    "glue": {
      "Package": "glue",
      "Version": "1.4.2",
      "Source": "Repository",
      "Repository": "CRAN",
      "Hash": "6efd734b14c6471cfe443345f3e35e29"
    },
    "goftest": {
      "Package": "goftest",
      "Version": "1.2-2",
      "Source": "Repository",
      "Repository": "CRAN",
      "Hash": "3c9209bce1b10900155ea37ce954cf30"
    },
    "gplots": {
      "Package": "gplots",
      "Version": "3.1.1",
      "Source": "Repository",
      "Repository": "CRAN",
      "Hash": "e65e5d5dea4cbb9ba822dcd782b2ee1f"
    },
    "graph": {
      "Package": "graph",
      "Version": "1.66.0",
      "Source": "Bioconductor",
      "Hash": "aff4b8a1b4f27526a3feb94d7bf45993"
    },
    "gridExtra": {
      "Package": "gridExtra",
      "Version": "2.3",
      "Source": "Repository",
      "Repository": "CRAN",
      "Hash": "7d7f283939f563670a697165b2cf5560"
    },
    "gsl": {
      "Package": "gsl",
      "Version": "2.1-6",
      "Source": "Repository",
      "Repository": "CRAN",
      "Hash": "cd08a36fbe64bf9b4a126b5d66e33db2"
    },
    "gtable": {
      "Package": "gtable",
      "Version": "0.3.0",
      "Source": "Repository",
      "Repository": "CRAN",
      "Hash": "ac5c6baf7822ce8732b343f14c072c4d"
    },
    "gtools": {
      "Package": "gtools",
      "Version": "3.8.2",
      "Source": "Repository",
      "Repository": "CRAN",
      "Hash": "0a749b4458d19a54acae93c64e3e7c85"
    },
    "highr": {
      "Package": "highr",
      "Version": "0.8",
      "Source": "Repository",
      "Repository": "CRAN",
      "Hash": "4dc5bb88961e347a0f4d8aad597cbfac"
    },
    "hms": {
      "Package": "hms",
      "Version": "0.5.3",
      "Source": "Repository",
      "Repository": "CRAN",
      "Hash": "726671f634529d470545f9fd1a9d1869"
    },
    "htmltools": {
      "Package": "htmltools",
      "Version": "0.5.1.1",
      "Source": "Repository",
      "Repository": "CRAN",
      "Hash": "af2c2531e55df5cf230c4b5444fc973c"
    },
    "htmlwidgets": {
      "Package": "htmlwidgets",
      "Version": "1.5.3",
      "Source": "Repository",
      "Repository": "CRAN",
      "Hash": "6fdaa86d0700f8b3e92ee3c445a5a10d"
    },
    "httpuv": {
      "Package": "httpuv",
      "Version": "1.6.1",
      "Source": "Repository",
      "Repository": "CRAN",
      "Hash": "54344a78aae37bc6ef39b1240969df8e"
    },
    "httr": {
      "Package": "httr",
      "Version": "1.4.2",
      "Source": "Repository",
      "Repository": "CRAN",
      "Hash": "a525aba14184fec243f9eaec62fbed43"
    },
    "ica": {
      "Package": "ica",
      "Version": "1.0-2",
      "Source": "Repository",
      "Repository": "CRAN",
      "Hash": "95ba9b882bb834ecbdad37338a11f3f8"
    },
    "igraph": {
      "Package": "igraph",
      "Version": "1.2.6",
      "Source": "Repository",
      "Repository": "CRAN",
      "Hash": "7b1f856410253d56ea67ad808f7cdff6"
    },
    "irlba": {
      "Package": "irlba",
      "Version": "2.3.3",
      "Source": "Repository",
      "Repository": "CRAN",
      "Hash": "a9ad517358000d57022401ef18ee657a"
    },
    "isoband": {
      "Package": "isoband",
      "Version": "0.2.4",
      "Source": "Repository",
      "Repository": "CRAN",
      "Hash": "b2008df40fb297e3fef135c7e8eeec1a"
    },
    "iterators": {
      "Package": "iterators",
      "Version": "1.0.13",
      "Source": "Repository",
      "Repository": "CRAN",
      "Hash": "64778782a89480e9a644f69aad9a2877"
    },
    "jquerylib": {
      "Package": "jquerylib",
      "Version": "0.1.4",
      "Source": "Repository",
      "Repository": "CRAN",
      "Hash": "5aab57a3bd297eee1c1d862735972182"
    },
    "jsonlite": {
      "Package": "jsonlite",
      "Version": "1.7.2",
      "Source": "Repository",
      "Repository": "CRAN",
      "Hash": "98138e0994d41508c7a6b84a0600cfcb"
    },
    "kernlab": {
      "Package": "kernlab",
      "Version": "0.9-29",
      "Source": "Repository",
      "Repository": "CRAN",
      "Hash": "46b2f61dadae64579e4cbe8af3c088d6"
    },
    "knitr": {
      "Package": "knitr",
      "Version": "1.30",
      "Source": "Repository",
      "Repository": "CRAN",
      "Hash": "eed7ee0d02eee88d53881cdc92457c62"
    },
    "labeling": {
      "Package": "labeling",
      "Version": "0.4.2",
      "Source": "Repository",
      "Repository": "CRAN",
      "Hash": "3d5108641f47470611a32d0bdf357a72"
    },
    "later": {
      "Package": "later",
      "Version": "1.2.0",
      "Source": "Repository",
      "Repository": "CRAN",
      "Hash": "b61890ae77fea19fc8acadd25db70aa4"
    },
    "lattice": {
      "Package": "lattice",
      "Version": "0.20-41",
      "Source": "Repository",
      "Repository": "CRAN",
      "Hash": "fbd9285028b0263d76d18c95ae51a53d"
    },
    "lazyeval": {
      "Package": "lazyeval",
      "Version": "0.2.2",
      "Source": "Repository",
      "Repository": "CRAN",
      "Hash": "d908914ae53b04d4c0c0fd72ecc35370"
    },
    "leiden": {
      "Package": "leiden",
      "Version": "0.3.7",
      "Source": "Repository",
      "Repository": "CRAN",
      "Hash": "d28a945b39ab3471acc7faa208073ace"
    },
    "lifecycle": {
      "Package": "lifecycle",
      "Version": "1.0.0",
      "Source": "Repository",
      "Repository": "CRAN",
      "Hash": "3471fb65971f1a7b2d4ae7848cf2db8d"
    },
    "limma": {
      "Package": "limma",
      "Version": "3.44.3",
      "Source": "Bioconductor",
      "Hash": "dd56ef73b83f3f9393ae28c7549d78ab"
    },
    "listenv": {
      "Package": "listenv",
      "Version": "0.8.0",
      "Source": "Repository",
      "Repository": "CRAN",
      "Hash": "0bde42ee282efb18c7c4e63822f5b4f7"
    },
    "lmtest": {
      "Package": "lmtest",
      "Version": "0.9-38",
      "Source": "Repository",
      "Repository": "CRAN",
      "Hash": "b0edacc02f7a3dad41a1afc385e929f4"
    },
    "magrittr": {
      "Package": "magrittr",
      "Version": "2.0.1",
      "Source": "Repository",
      "Repository": "CRAN",
      "Hash": "41287f1ac7d28a92f0a286ed507928d3"
    },
    "markdown": {
      "Package": "markdown",
      "Version": "1.1",
      "Source": "Repository",
      "Repository": "CRAN",
      "Hash": "61e4a10781dd00d7d81dd06ca9b94e95"
    },
    "matrixStats": {
      "Package": "matrixStats",
      "Version": "0.58.0",
      "Source": "Repository",
      "Repository": "CRAN",
      "Hash": "c318d148056e5bb8d7de79b0876f9ae6"
    },
    "memoise": {
      "Package": "memoise",
      "Version": "1.1.0",
      "Source": "Repository",
      "Repository": "CRAN",
      "Hash": "58baa74e4603fcfb9a94401c58c8f9b1"
    },
    "mgcv": {
      "Package": "mgcv",
      "Version": "1.8-33",
      "Source": "Repository",
      "Repository": "CRAN",
      "Hash": "eb7b6439bc6d812eed2cddba5edc6be3"
    },
    "mime": {
      "Package": "mime",
      "Version": "0.10",
      "Source": "Repository",
      "Repository": "CRAN",
      "Hash": "26fa77e707223e1ce042b2b5d09993dc"
    },
    "miniUI": {
      "Package": "miniUI",
      "Version": "0.1.1.1",
      "Source": "Repository",
      "Repository": "CRAN",
      "Hash": "fec5f52652d60615fdb3957b3d74324a"
    },
    "mixtools": {
      "Package": "mixtools",
      "Version": "1.2.0",
      "Source": "Repository",
      "Repository": "CRAN",
      "Hash": "4999c07351f4c5e2f323c1d6e88652b9"
    },
    "munsell": {
      "Package": "munsell",
      "Version": "0.5.0",
      "Source": "Repository",
      "Repository": "CRAN",
      "Hash": "6dfe8bf774944bd5595785e3229d8771"
    },
    "nlme": {
      "Package": "nlme",
      "Version": "3.1-151",
      "Source": "Repository",
      "Repository": "CRAN",
      "Hash": "42c8ba2b6a32a6bf0874e93e3bd86a43"
    },
    "openssl": {
      "Package": "openssl",
      "Version": "1.4.4",
      "Source": "Repository",
      "Repository": "CRAN",
      "Hash": "f4dbc5a47fd93d3415249884d31d6791"
    },
    "parallelly": {
      "Package": "parallelly",
      "Version": "1.25.0",
      "Source": "Repository",
      "Repository": "CRAN",
      "Hash": "bc53006c11a08ba955ccbf85b586875f"
    },
    "patchwork": {
      "Package": "patchwork",
      "Version": "1.1.1",
      "Source": "Repository",
      "Repository": "CRAN",
      "Hash": "c446b30cb33ec125ff02588b60660ccb"
    },
    "pbapply": {
      "Package": "pbapply",
      "Version": "1.4-3",
      "Source": "Repository",
      "Repository": "CRAN",
      "Hash": "52f8028b028076bc3b7ee5d6251abf0d"
    },
    "permute": {
      "Package": "permute",
      "Version": "0.9-5",
      "Source": "Repository",
      "Repository": "CRAN",
      "Hash": "e367efa1f0d52cb753bdb9163b63f528"
    },
    "pillar": {
      "Package": "pillar",
      "Version": "1.6.1",
      "Source": "Repository",
      "Repository": "CRAN",
      "Hash": "8672ae02bd20f6479bce2d06c7ff1401"
    },
    "pkgconfig": {
      "Package": "pkgconfig",
      "Version": "2.0.3",
      "Source": "Repository",
      "Repository": "CRAN",
      "Hash": "01f28d4278f15c76cddbea05899c5d6f"
    },
    "plogr": {
      "Package": "plogr",
      "Version": "0.2.0",
      "Source": "Repository",
      "Repository": "CRAN",
      "Hash": "09eb987710984fc2905c7129c7d85e65"
    },
    "plotly": {
      "Package": "plotly",
      "Version": "4.9.3",
      "Source": "Repository",
      "Repository": "CRAN",
      "Hash": "f6b85d9e4ed88074ea0ede1aa74bb00e"
    },
    "plyr": {
      "Package": "plyr",
      "Version": "1.8.6",
      "Source": "Repository",
      "Repository": "CRAN",
      "Hash": "ec0e5ab4e5f851f6ef32cd1d1984957f"
    },
    "png": {
      "Package": "png",
      "Version": "0.1-7",
      "Source": "Repository",
      "Repository": "CRAN",
      "Hash": "03b7076c234cb3331288919983326c55"
    },
    "polyclip": {
      "Package": "polyclip",
      "Version": "1.10-0",
      "Source": "Repository",
      "Repository": "CRAN",
      "Hash": "cb167f328b3ada4ec5cf67a7df4c900a"
    },
    "powerTCR": {
      "Package": "powerTCR",
      "Version": "1.8.0",
      "Source": "Bioconductor",
      "Hash": "4f4fccff0af74d5fc60ffe0d3a5c8442"
    },
    "promises": {
      "Package": "promises",
      "Version": "1.2.0.1",
      "Source": "Repository",
      "Repository": "CRAN",
      "Hash": "4ab2c43adb4d4699cf3690acd378d75d"
    },
    "purrr": {
      "Package": "purrr",
      "Version": "0.3.4",
      "Source": "Repository",
      "Repository": "CRAN",
      "Hash": "97def703420c8ab10d8f0e6c72101e02"
    },
    "rappdirs": {
      "Package": "rappdirs",
      "Version": "0.3.3",
      "Source": "Repository",
      "Repository": "CRAN",
      "Hash": "5e3c5dc0b071b21fa128676560dbe94d"
    },
    "readr": {
      "Package": "readr",
      "Version": "1.4.0",
      "Source": "Repository",
      "Repository": "CRAN",
      "Hash": "2639976851f71f330264a9c9c3d43a61"
    },
    "remotes": {
      "Package": "remotes",
      "Version": "2.2.0",
      "Source": "Repository",
      "Repository": "CRAN",
      "Hash": "430a0908aee75b1fcba0e62857cab0ce"
    },
    "renv": {
      "Package": "renv",
      "Version": "0.12.3",
      "Source": "Repository",
      "Repository": "CRAN",
      "Hash": "b5510c50c7f31d453c385c7b460af2b9"
    },
    "reshape2": {
      "Package": "reshape2",
      "Version": "1.4.4",
      "Source": "Repository",
      "Repository": "CRAN",
      "Hash": "bb5996d0bd962d214a11140d77589917"
    },
    "reticulate": {
      "Package": "reticulate",
      "Version": "1.20",
      "Source": "Repository",
      "Repository": "CRAN",
      "Hash": "30ab0ea8c8d3dd16a3fa06903449bbfb"
    },
    "rlang": {
      "Package": "rlang",
      "Version": "0.4.11",
      "Source": "Repository",
      "Repository": "CRAN",
      "Hash": "515f341d3affe0de9e4a7f762efb0456"
    },
    "rmarkdown": {
      "Package": "rmarkdown",
      "Version": "2.6",
      "Source": "Repository",
      "Repository": "CRAN",
      "Hash": "bc4bac38960b446c183957bfd563e763"
    },
    "rmdformats": {
      "Package": "rmdformats",
      "Version": "1.0.0",
      "Source": "Repository",
      "Repository": "CRAN",
      "Hash": "d0a3617d260818a7fcb687d3178ba06d"
    },
    "rngtools": {
      "Package": "rngtools",
      "Version": "1.5",
      "Source": "Repository",
      "Repository": "CRAN",
      "Hash": "ee3ca1cacd13e35dbb71ac1999d98cbc"
    },
    "rpart": {
      "Package": "rpart",
      "Version": "4.1-15",
      "Source": "Repository",
      "Repository": "CRAN",
      "Hash": "9787c1fcb680e655d062e7611cadf78e"
    },
    "sass": {
      "Package": "sass",
      "Version": "0.4.0",
      "Source": "Repository",
      "Repository": "CRAN",
      "Hash": "50cf822feb64bb3977bda0b7091be623"
    },
    "scRepertoire": {
      "Package": "scRepertoire",
      "Version": "0.99.16",
      "Source": "GitHub",
      "RemoteType": "github",
      "RemoteHost": "api.github.com",
      "RemoteRepo": "scRepertoire",
      "RemoteUsername": "ncborcherding",
      "RemoteRef": "HEAD",
      "RemoteSha": "6ab523d29c21fdfdd2b3b9b977360c5f7f3de463",
      "Hash": "d151040170c5b6e19d3e42e55bfec5ea"
    },
    "scales": {
      "Package": "scales",
      "Version": "1.1.1",
      "Source": "Repository",
      "Repository": "CRAN",
      "Hash": "6f76f71042411426ec8df6c54f34e6dd"
    },
    "scattermore": {
      "Package": "scattermore",
      "Version": "0.7",
      "Source": "Repository",
      "Repository": "CRAN",
      "Hash": "373eb417aadd7c7f35861953f3fe3deb"
    },
    "sctransform": {
      "Package": "sctransform",
      "Version": "0.3.2",
      "Source": "Repository",
      "Repository": "CRAN",
      "Hash": "f6423b883393222fb5c022799374ccec"
    },
    "segmented": {
      "Package": "segmented",
      "Version": "1.3-1",
      "Source": "Repository",
      "Repository": "CRAN",
      "Hash": "5bdd8140f48fc8e5d86bfc6197d4a544"
    },
    "shades": {
      "Package": "shades",
      "Version": "1.4.0",
      "Source": "Repository",
      "Repository": "CRAN",
      "Hash": "3a2cf5eecb2cbca814d01d56bfb51494"
    },
    "shiny": {
      "Package": "shiny",
      "Version": "1.6.0",
      "Source": "Repository",
      "Repository": "CRAN",
      "Hash": "6e3b6ae7fe02b5859e4bb277f218b8ae"
    },
    "sitmo": {
      "Package": "sitmo",
      "Version": "2.0.1",
      "Source": "Repository",
      "Repository": "CRAN",
      "Hash": "0f9ba299f2385e686745b066c6d7a7c4"
    },
    "sourcetools": {
      "Package": "sourcetools",
      "Version": "0.1.7",
      "Source": "Repository",
      "Repository": "CRAN",
      "Hash": "947e4e02a79effa5d512473e10f41797"
    },
    "spatstat.core": {
      "Package": "spatstat.core",
      "Version": "2.1-2",
      "Source": "Repository",
      "Repository": "CRAN",
      "Hash": "6c1e3cc9e7df1bdfd312e4e75339feae"
    },
    "spatstat.data": {
      "Package": "spatstat.data",
      "Version": "2.1-0",
      "Source": "Repository",
      "Repository": "CRAN",
      "Hash": "4e8002e034d7d0af852b2bbcce851c2e"
    },
    "spatstat.geom": {
      "Package": "spatstat.geom",
      "Version": "2.1-0",
      "Source": "Repository",
      "Repository": "CRAN",
      "Hash": "a0a2cda8121279a62604dd24b5a4b9d4"
    },
    "spatstat.sparse": {
      "Package": "spatstat.sparse",
      "Version": "2.0-0",
      "Source": "Repository",
      "Repository": "CRAN",
      "Hash": "615efff0d33e612b15dc3fc3ba0cc554"
    },
    "spatstat.utils": {
      "Package": "spatstat.utils",
      "Version": "2.1-0",
      "Source": "Repository",
      "Repository": "CRAN",
      "Hash": "72200a58cae0d7046e416e6be6d9d322"
    },
    "stringdist": {
      "Package": "stringdist",
      "Version": "0.9.6.3",
      "Source": "Repository",
      "Repository": "CRAN",
      "Hash": "1ab14e88df14b856dd4d2e34a80c0ba6"
    },
    "stringi": {
      "Package": "stringi",
      "Version": "1.5.3",
      "Source": "Repository",
      "Repository": "CRAN",
      "Hash": "a063ebea753c92910a4cca7b18bc1f05"
    },
    "stringr": {
      "Package": "stringr",
      "Version": "1.4.0",
      "Source": "Repository",
      "Repository": "CRAN",
      "Hash": "0759e6b6c0957edb1311028a49a35e76"
    },
    "survival": {
      "Package": "survival",
      "Version": "3.2-7",
      "Source": "Repository",
      "Repository": "CRAN",
      "Hash": "39c4ac6d22dad33db0ee37b40810ea12"
    },
    "sys": {
      "Package": "sys",
      "Version": "3.4",
      "Source": "Repository",
      "Repository": "CRAN",
      "Hash": "b227d13e29222b4574486cfcbde077fa"
    },
    "tcR": {
      "Package": "tcR",
      "Version": "2.3.2",
      "Source": "Repository",
      "Repository": "CRAN",
      "Hash": "cc31eabe0a58a5adc5e48169dcdc5ffc"
    },
    "tensor": {
      "Package": "tensor",
      "Version": "1.5",
      "Source": "Repository",
      "Repository": "CRAN",
      "Hash": "25cfab6cf405c15bccf7e69ec39df090"
    },
    "tibble": {
      "Package": "tibble",
      "Version": "3.1.0",
      "Source": "Repository",
      "Repository": "CRAN",
      "Hash": "4d894a114dbd4ecafeda5074e7c538e6"
    },
    "tidyr": {
      "Package": "tidyr",
      "Version": "1.1.3",
      "Source": "Repository",
      "Repository": "CRAN",
      "Hash": "450d7dfaedde58e28586b854eeece4fa"
    },
    "tidyselect": {
      "Package": "tidyselect",
      "Version": "1.1.1",
      "Source": "Repository",
      "Repository": "CRAN",
      "Hash": "7243004a708d06d4716717fa1ff5b2fe"
    },
    "tinytex": {
      "Package": "tinytex",
      "Version": "0.28",
      "Source": "Repository",
      "Repository": "CRAN",
      "Hash": "ff73961a77fba606fbf944dc3468e5b9"
    },
    "truncdist": {
      "Package": "truncdist",
      "Version": "1.0-2",
      "Source": "Repository",
      "Repository": "CRAN",
      "Hash": "ed3ed12875e0417a645baaecc07dd536"
    },
    "umap": {
      "Package": "umap",
      "Version": "0.2.7.0",
      "Source": "Repository",
      "Repository": "CRAN",
      "Hash": "4c6d6bac2aef2998ce382d05de14f427"
    },
    "utf8": {
      "Package": "utf8",
      "Version": "1.2.1",
      "Source": "Repository",
      "Repository": "CRAN",
      "Hash": "c3ad47dc6da0751f18ed53c4613e3ac7"
    },
    "uwot": {
      "Package": "uwot",
      "Version": "0.1.10",
      "Source": "Repository",
      "Repository": "CRAN",
      "Hash": "a9737c75f5f949695617b05e78281b2f"
    },
    "vctrs": {
      "Package": "vctrs",
      "Version": "0.3.8",
      "Source": "Repository",
      "Repository": "CRAN",
      "Hash": "ecf749a1b39ea72bd9b51b76292261f1"
    },
    "vegan": {
      "Package": "vegan",
      "Version": "2.5-7",
      "Source": "Repository",
      "Repository": "CRAN",
      "Hash": "01771d8de354fa30c87c68e599e2429b"
    },
    "viridisLite": {
      "Package": "viridisLite",
      "Version": "0.4.0",
      "Source": "Repository",
      "Repository": "CRAN",
      "Hash": "55e157e2aa88161bdb0754218470d204"
    },
    "withr": {
      "Package": "withr",
      "Version": "2.4.2",
      "Source": "Repository",
      "Repository": "CRAN",
      "Hash": "ad03909b44677f930fa156d47d7a3aeb"
    },
    "xfun": {
      "Package": "xfun",
      "Version": "0.19",
      "Source": "Repository",
      "Repository": "CRAN",
      "Hash": "a42372606cb76f34da9d090326e9f955"
    },
    "xml2": {
      "Package": "xml2",
      "Version": "1.3.2",
      "Source": "Repository",
      "Repository": "CRAN",
      "Hash": "d4d71a75dd3ea9eb5fa28cc21f9585e2"
    },
    "xtable": {
      "Package": "xtable",
      "Version": "1.8-4",
      "Source": "Repository",
      "Repository": "CRAN",
      "Hash": "b8acdf8af494d9ec19ccb2481a9b11c2"
    },
    "yaml": {
      "Package": "yaml",
      "Version": "2.2.1",
      "Source": "Repository",
      "Repository": "CRAN",
      "Hash": "2826c5d9efb0a88f657c7a679c7106db"
    },
    "zlibbioc": {
      "Package": "zlibbioc",
      "Version": "1.34.0",
      "Source": "Bioconductor",
      "Hash": "a1b2fc6a5b8076e5e9edf275d50d1795"
    },
    "zoo": {
      "Package": "zoo",
      "Version": "1.8-9",
      "Source": "Repository",
      "Repository": "CRAN",
      "Hash": "035d1c7c12593038c26fb1c2fd40c4d2"
    }
  }
}
